<?xml version="1.0" encoding="utf-8"?>
<Project ToolsVersion="4.0" xmlns="http://schemas.microsoft.com/developer/msbuild/2003">
  <ItemGroup>
    <Filter Include="Source Files">
      <UniqueIdentifier>{4FC737F1-C7A5-4376-A066-2A32D752A2FF}</UniqueIdentifier>
      <Extensions>cpp;c;cc;cxx;def;odl;idl;hpj;bat;asm;asmx</Extensions>
    </Filter>
    <Filter Include="Header Files">
      <UniqueIdentifier>{93995380-89BD-4b04-88EB-625FBE52EBFB}</UniqueIdentifier>
      <Extensions>h;hh;hpp;hxx;hm;inl;inc;xsd</Extensions>
    </Filter>
    <Filter Include="Resource Files">
      <UniqueIdentifier>{D9D6E242-F8AF-46E4-B9FD-80ECBC20BA3E}</UniqueIdentifier>
      <Extensions>qrc;*</Extensions>
      <ParseFiles>false</ParseFiles>
    </Filter>
    <Filter Include="Form Files">
      <UniqueIdentifier>{99349809-55BA-4b9d-BF79-8FDBB0286EB3}</UniqueIdentifier>
      <Extensions>ui</Extensions>
    </Filter>
    <Filter Include="Resource Files">
      <UniqueIdentifier>{D9D6E242-F8AF-46E4-B9FD-80ECBC20BA3E}</UniqueIdentifier>
      <Extensions>qrc;*</Extensions>
      <ParseFiles>false</ParseFiles>
    </Filter>
    <Filter Include="Generated Files">
      <UniqueIdentifier>{71ED8ED8-ACB9-4CE9-BBE1-E00B30144E11}</UniqueIdentifier>
      <Extensions>moc;h;cpp</Extensions>
      <SourceControlFiles>False</SourceControlFiles>
    </Filter>
    <Filter Include="Generated Files\Debug">
      <UniqueIdentifier>{16326b11-0510-42f3-a016-8e1a7f42e0eb}</UniqueIdentifier>
      <Extensions>cpp;moc</Extensions>
      <SourceControlFiles>False</SourceControlFiles>
    </Filter>
    <Filter Include="Generated Files\Release">
      <UniqueIdentifier>{c193586a-c5c3-4479-9fe2-3ba678ac1ac2}</UniqueIdentifier>
      <Extensions>cpp;moc</Extensions>
      <SourceControlFiles>False</SourceControlFiles>
    </Filter>
  </ItemGroup>
  <ItemGroup>
    <ClCompile Include="TigerPkgVisitor.cpp">
      <Filter>Source Files</Filter>
    </ClCompile>
    <ClCompile Include="TigerPkgDecoder.cpp">
      <Filter>Source Files</Filter>
    </ClCompile>
    <ClCompile Include="TigerDataManager.cpp">
      <Filter>Source Files</Filter>
    </ClCompile>
    <ClCompile Include="StrucTreeManager.cpp">
      <Filter>Source Files</Filter>
    </ClCompile>
    <ClCompile Include="StrucTree.cpp">
      <Filter>Source Files</Filter>
    </ClCompile>
    <ClCompile Include="StrucTigerLUT.cpp">
      <Filter>Source Files</Filter>
    </ClCompile>
    <ClCompile Include="StrucLUT.cpp">
      <Filter>Source Files</Filter>
    </ClCompile>
    <ClCompile Include="StrucDDTLUT.cpp">
      <Filter>Source Files</Filter>
    </ClCompile>
    <ClCompile Include="PkgVisitor.cpp">
      <Filter>Source Files</Filter>
    </ClCompile>
    <ClCompile Include="PkgDecoder.cpp">
      <Filter>Source Files</Filter>
    </ClCompile>
    <ClCompile Include="main.cpp">
      <Filter>Source Files</Filter>
    </ClCompile>
    <ClCompile Include="FilterTreeWidgetItem.cpp">
      <Filter>Source Files</Filter>
    </ClCompile>
    <ClCompile Include="FilterParser.cpp">
      <Filter>Source Files</Filter>
    </ClCompile>
    <ClCompile Include="EeYacc.cpp">
      <Filter>Source Files</Filter>
    </ClCompile>
    <ClCompile Include="EeProfile.cpp">
      <Filter>Source Files</Filter>
    </ClCompile>
    <ClCompile Include="EeMainWindow.cpp">
      <Filter>Source Files</Filter>
    </ClCompile>
    <ClCompile Include="EeCentralWidget.cpp">
      <Filter>Source Files</Filter>
    </ClCompile>
    <ClCompile Include="DdtPkgVisitor.cpp">
      <Filter>Source Files</Filter>
    </ClCompile>
    <ClCompile Include="DdtPkgDecoder.cpp">
      <Filter>Source Files</Filter>
    </ClCompile>
    <ClCompile Include="DataTreeModel.cpp">
      <Filter>Source Files</Filter>
    </ClCompile>
    <ClCompile Include="DataTabModel.cpp">
      <Filter>Source Files</Filter>
    </ClCompile>
    <ClCompile Include="DataManager.cpp">
      <Filter>Source Files</Filter>
    </ClCompile>
    <ClCompile Include="DdtDataManager.cpp">
      <Filter>Source Files</Filter>
    </ClCompile>
    <ClCompile Include="FilterDialog.cpp">
      <Filter>Source Files</Filter>
    </ClCompile>
    <ClCompile Include="OptionDialog.cpp">
      <Filter>Source Files</Filter>
    </ClCompile>
    <ClCompile Include="LteRrcDecoder.cpp">
      <Filter>Source Files</Filter>
    </ClCompile>
    <ClCompile Include="EeLex.cpp">
      <Filter>Source Files</Filter>
    </ClCompile>
    <ClCompile Include="EeLexSymbol.cpp">
      <Filter>Source Files</Filter>
    </ClCompile>
    <ClCompile Include="AbstractPkgParser.cpp">
      <Filter>Source Files</Filter>
    </ClCompile>
    <ClCompile Include="DdtPkgParser.cpp">
      <Filter>Source Files</Filter>
    </ClCompile>
    <ClCompile Include="PcapPkgParser.cpp">
      <Filter>Source Files</Filter>
    </ClCompile>
    <ClCompile Include="TigerPkgParser.cpp">
      <Filter>Source Files</Filter>
    </ClCompile>
    <ClCompile Include="PkgPageCommand.cpp">
      <Filter>Source Files</Filter>
    </ClCompile>
    <ClCompile Include="PkgPageThread.cpp">
      <Filter>Source Files</Filter>
    </ClCompile>
    <ClCompile Include="BufferManage\buffer_manage_drv.cpp">
      <Filter>Source Files</Filter>
    </ClCompile>
    <ClCompile Include="BufferManage\ee_buffer_manage.cpp">
      <Filter>Source Files</Filter>
    </ClCompile>
    <ClCompile Include="GeneratedFiles\Debug\moc_DataTabModel.cpp">
      <Filter>Generated Files\Debug</Filter>
    </ClCompile>
    <ClCompile Include="GeneratedFiles\Debug\moc_DataTreeModel.cpp">
      <Filter>Generated Files\Debug</Filter>
    </ClCompile>
    <ClCompile Include="GeneratedFiles\Debug\moc_EeCentralWidget.cpp">
      <Filter>Generated Files\Debug</Filter>
    </ClCompile>
    <ClCompile Include="GeneratedFiles\Debug\moc_EeMainWindow.cpp">
      <Filter>Generated Files\Debug</Filter>
    </ClCompile>
    <ClCompile Include="GeneratedFiles\Debug\moc_FilterDialog.cpp">
      <Filter>Generated Files\Debug</Filter>
    </ClCompile>
    <ClCompile Include="GeneratedFiles\Debug\moc_OptionDialog.cpp">
      <Filter>Generated Files\Debug</Filter>
    </ClCompile>
    <ClCompile Include="GeneratedFiles\Release\moc_DataTabModel.cpp">
      <Filter>Generated Files\Release</Filter>
    </ClCompile>
    <ClCompile Include="GeneratedFiles\Release\moc_DataTreeModel.cpp">
      <Filter>Generated Files\Release</Filter>
    </ClCompile>
    <ClCompile Include="GeneratedFiles\Release\moc_EeCentralWidget.cpp">
      <Filter>Generated Files\Release</Filter>
    </ClCompile>
    <ClCompile Include="GeneratedFiles\Release\moc_EeMainWindow.cpp">
      <Filter>Generated Files\Release</Filter>
    </ClCompile>
    <ClCompile Include="GeneratedFiles\Release\moc_FilterDialog.cpp">
      <Filter>Generated Files\Release</Filter>
    </ClCompile>
    <ClCompile Include="GeneratedFiles\Release\moc_OptionDialog.cpp">
      <Filter>Generated Files\Release</Filter>
    </ClCompile>
  </ItemGroup>
  <ItemGroup>
    <CustomBuild Include="EeMainWindow.ui">
      <Filter>Form Files</Filter>
    </CustomBuild>
    <CustomBuild Include="EagleEye.qrc">
      <Filter>Resource Files</Filter>
    </CustomBuild>
    <CustomBuild Include="EeMainWindow.h">
      <Filter>Header Files</Filter>
    </CustomBuild>
    <CustomBuild Include="EeCentralWidget.h">
      <Filter>Header Files</Filter>
    </CustomBuild>
    <CustomBuild Include="DataTreeModel.h">
      <Filter>Header Files</Filter>
    </CustomBuild>
    <CustomBuild Include="DataTabModel.h">
      <Filter>Header Files</Filter>
    </CustomBuild>
    <CustomBuild Include="FilterDialog.ui">
      <Filter>Form Files</Filter>
    </CustomBuild>
    <CustomBuild Include="FilterDialog.h">
      <Filter>Header Files</Filter>
    </CustomBuild>
    <CustomBuild Include="EeOption.ui">
      <Filter>Form Files</Filter>
    </CustomBuild>
    <CustomBuild Include="OptionDialog.h">
      <Filter>Header Files</Filter>
    </CustomBuild>
  </ItemGroup>
  <ItemGroup>
    <ClInclude Include="TigerStrucs.h">
      <Filter>Header Files</Filter>
    </ClInclude>
    <ClInclude Include="TigerPkgVisitor.h">
      <Filter>Header Files</Filter>
    </ClInclude>
    <ClInclude Include="TigerPkgDecoder.h">
      <Filter>Header Files</Filter>
    </ClInclude>
    <ClInclude Include="TigerInit.h">
      <Filter>Header Files</Filter>
    </ClInclude>
    <ClInclude Include="TigerDataManager.h">
      <Filter>Header Files</Filter>
    </ClInclude>
    <ClInclude Include="StrucTreeManager.h">
      <Filter>Header Files</Filter>
    </ClInclude>
    <ClInclude Include="StrucTreeComm.h">
      <Filter>Header Files</Filter>
    </ClInclude>
    <ClInclude Include="StrucTree.h">
      <Filter>Header Files</Filter>
    </ClInclude>
    <ClInclude Include="StrucTigerLUT.h">
      <Filter>Header Files</Filter>
    </ClInclude>
    <ClInclude Include="StrucTiger.h">
      <Filter>Header Files</Filter>
    </ClInclude>
    <ClInclude Include="StrucLUT.h">
      <Filter>Header Files</Filter>
    </ClInclude>
    <ClInclude Include="StrucDDTLUT.h">
      <Filter>Header Files</Filter>
    </ClInclude>
    <ClInclude Include="StrucDDT.h">
      <Filter>Header Files</Filter>
    </ClInclude>
    <ClInclude Include="PkgVisitor.h">
      <Filter>Header Files</Filter>
    </ClInclude>
    <ClInclude Include="PkgParserComm.h">
      <Filter>Header Files</Filter>
    </ClInclude>
    <ClInclude Include="PkgDecoder.h">
      <Filter>Header Files</Filter>
    </ClInclude>
    <ClInclude Include="FilterTreeWidgetItem.h">
      <Filter>Header Files</Filter>
    </ClInclude>
    <ClInclude Include="FilterParser.h">
      <Filter>Header Files</Filter>
    </ClInclude>
    <ClInclude Include="EeYacc.h">
      <Filter>Header Files</Filter>
    </ClInclude>
    <ClInclude Include="EeProfile.h">
      <Filter>Header Files</Filter>
    </ClInclude>
    <ClInclude Include="DdtPkgVisitor.h">
      <Filter>Header Files</Filter>
    </ClInclude>
    <ClInclude Include="DdtPkgDecoder.h">
      <Filter>Header Files</Filter>
    </ClInclude>
    <ClInclude Include="DataManager.h">
      <Filter>Header Files</Filter>
    </ClInclude>
    <ClInclude Include="DataDefine.h">
      <Filter>Header Files</Filter>
    </ClInclude>
    <ClInclude Include="DdtInit.h">
      <Filter>Header Files</Filter>
    </ClInclude>
    <ClInclude Include="DdtDataManager.h">
      <Filter>Header Files</Filter>
    </ClInclude>
    <ClInclude Include="LteRrcDecoder.h">
      <Filter>Header Files</Filter>
    </ClInclude>
    <ClInclude Include="resource.h">
      <Filter>Header Files</Filter>
    </ClInclude>
    <ClInclude Include="EeCommon.h">
      <Filter>Header Files</Filter>
    </ClInclude>
    <ClInclude Include="EeException.h">
      <Filter>Header Files</Filter>
    </ClInclude>
    <ClInclude Include="EeLogging.h">
      <Filter>Header Files</Filter>
    </ClInclude>
    <ClInclude Include="EeMacro.h">
      <Filter>Header Files</Filter>
    </ClInclude>
    <ClInclude Include="EeLexSymbol.h">
      <Filter>Header Files</Filter>
    </ClInclude>
    <ClInclude Include="EeLex.h">
      <Filter>Header Files</Filter>
    </ClInclude>
    <ClInclude Include="TigerPkgParser.h">
      <Filter>Header Files</Filter>
    </ClInclude>
    <ClInclude Include="AbstractPkgParser.h">
      <Filter>Header Files</Filter>
    </ClInclude>
    <ClInclude Include="DdtPkgParser.h">
      <Filter>Header Files</Filter>
    </ClInclude>
    <ClInclude Include="PcapPkgParser.h">
      <Filter>Header Files</Filter>
    </ClInclude>
    <ClInclude Include="PkgPageCommand.h">
      <Filter>Header Files</Filter>
    </ClInclude>
    <ClInclude Include="PkgPageThread.h">
      <Filter>Header Files</Filter>
    </ClInclude>
    <ClInclude Include="Resources\BufferManage\buffer_manage.h">
      <Filter>Header Files</Filter>
    </ClInclude>
    <ClInclude Include="Resources\BufferManage\buffer_manage_hal.h">
      <Filter>Header Files</Filter>
    </ClInclude>
    <ClInclude Include="Resources\BufferManage\buffer_manage_internal.h">
      <Filter>Header Files</Filter>
    </ClInclude>
    <ClInclude Include="Resources\BufferManage\ee_buffer_manage.h">
      <Filter>Header Files</Filter>
    </ClInclude>
    <ClInclude Include="BufferManage\buffer_manage.h">
      <Filter>Header Files</Filter>
    </ClInclude>
    <ClInclude Include="BufferManage\buffer_manage_hal.h">
      <Filter>Header Files</Filter>
    </ClInclude>
    <ClInclude Include="BufferManage\buffer_manage_internal.h">
      <Filter>Header Files</Filter>
    </ClInclude>
    <ClInclude Include="BufferManage\ee_buffer_manage.h">
      <Filter>Header Files</Filter>
    </ClInclude>
  </ItemGroup>
  <ItemGroup>
    <ResourceCompile Include="EagleEye.rc" />
  </ItemGroup>
  <ItemGroup>
    <Image Include="EagleEye.ico" />
    <Image Include="images\back.png" />
    <Image Include="images\close.png" />
    <Image Include="images\filter_add.png" />
    <Image Include="images\filter_delete.png" />
    <Image Include="images\general.png" />
    <Image Include="images\next.png" />
    <Image Include="images\open.png" />
  </ItemGroup>
  <ItemGroup>
    <None Include="EagleEye.aps" />
  </ItemGroup>
</Project>